metadata:
  channels:
    - url: conda-forge
      used_env_vars: []
  content_hash:
    linux-64: 768e47230b18b6b04c7965334003baecd7b4fd9cf362e914f48c1fa946f52604
  platforms:
    - linux-64
  sources:
    - environment.yml
package:
  - category: main
    dependencies: {}
    hash:
      md5: d7c89558ba9fa0495403155b64376d81
      sha256: fe51de6107f9edc7aa4f786a70f4a883943bc9d39b3bb7307c04c41410990726
    manager: conda
    name: _libgcc_mutex
    optional: false
    platform: linux-64
    url:
      https://conda.anaconda.org/conda-forge/linux-64/_libgcc_mutex-0.1-conda_forge.tar.bz2
    version: '0.1'
  - category: main
    dependencies:
      _libgcc_mutex: '0.1'
      libgomp: '>=7.5.0'
    hash:
      md5: 73aaf86a425cc6e73fcf236a5a46396d
      sha256: fbe2c5e56a653bebb982eda4876a9178aedfc2b545f25d0ce9c4c0b508253d22
    manager: conda
    name: _openmp_mutex
    optional: false
    platform: linux-64
    url: https://conda.anaconda.org/conda-forge/linux-64/_openmp_mutex-4.5-2_gnu.tar.bz2
    version: '4.5'
  - category: main
    dependencies:
      __glibc: '>=2.17,<3.0.a0'
      libgcc-ng: '>=12'
    hash:
      md5: 62ee74e96c5ebb0af99386de58cf9553
      sha256: 5ced96500d945fb286c9c838e54fa759aa04a7129c59800f0846b4335cee770d
    manager: conda
    name: bzip2
    optional: false
    platform: linux-64
    url: https://conda.anaconda.org/conda-forge/linux-64/bzip2-1.0.8-h4bc722e_7.conda
    version: 1.0.8
  - category: main
    dependencies: {}
    hash:
      md5: c27d1c142233b5bc9ca570c6e2e0c244
      sha256: afee721baa6d988e27fef1832f68d6f32ac8cc99cdf6015732224c2841a09cea
    manager: conda
    name: ca-certificates
    optional: false
    platform: linux-64
    url:
      https://conda.anaconda.org/conda-forge/linux-64/ca-certificates-2024.8.30-hbcca054_0.conda
    version: 2024.8.30
  - category: main
    dependencies:
      __glibc: '>=2.17,<3.0.a0'
    hash:
      md5: 048b02e3962f066da18efe3a21b77672
      sha256: 7c91cea91b13f4314d125d1bedb9d03a29ebbd5080ccdea70260363424646dbe
    manager: conda
    name: ld_impl_linux-64
    optional: false
    platform: linux-64
    url:
      https://conda.anaconda.org/conda-forge/linux-64/ld_impl_linux-64-2.43-h712a8e2_2.conda
    version: '2.43'
  - category: main
    dependencies:
      libopenblas: '>=0.3.28,<1.0a0'
    hash:
      md5: 8ea26d42ca88ec5258802715fe1ee10b
      sha256: d6d12dc437d060f838820e9e61bf73baab651f91935ac594cf10beb9ef1b4450
    manager: conda
    name: libblas
    optional: false
    platform: linux-64
    url:
      https://conda.anaconda.org/conda-forge/linux-64/libblas-3.9.0-25_linux64_openblas.conda
    version: 3.9.0
  - category: main
    dependencies:
      libblas: 3.9.0
    hash:
      md5: 5dbd1b0fc0d01ec5e0e1fbe667281a11
      sha256: ab87b0477078837c91d9cda62a9faca18fba7c57cc77aa779ae24b3ac783b5dd
    manager: conda
    name: libcblas
    optional: false
    platform: linux-64
    url:
      https://conda.anaconda.org/conda-forge/linux-64/libcblas-3.9.0-25_linux64_openblas.conda
    version: 3.9.0
  - category: main
    dependencies:
      __glibc: '>=2.17,<3.0.a0'
      libgcc: '>=13'
    hash:
      md5: db833e03127376d461e1e13e76f09b6c
      sha256: 56541b98447b58e52d824bd59d6382d609e11de1f8adf20b23143e353d2b8d26
    manager: conda
    name: libexpat
    optional: false
    platform: linux-64
    url: https://conda.anaconda.org/conda-forge/linux-64/libexpat-2.6.4-h5888daf_0.conda
    version: 2.6.4
  - category: main
    dependencies:
      libgcc-ng: '>=9.4.0'
    hash:
      md5: d645c6d2ac96843a2bfaccd2d62b3ac3
      sha256: ab6e9856c21709b7b517e940ae7028ae0737546122f83c2aa5d692860c3b149e
    manager: conda
    name: libffi
    optional: false
    platform: linux-64
    url: https://conda.anaconda.org/conda-forge/linux-64/libffi-3.4.2-h7f98852_5.tar.bz2
    version: 3.4.2
  - category: main
    dependencies:
      _libgcc_mutex: '0.1'
      _openmp_mutex: '>=4.5'
    hash:
      md5: 3cb76c3f10d3bc7f1105b2fc9db984df
      sha256: 53eb8a79365e58849e7b1a068d31f4f9e718dc938d6f2c03e960345739a03569
    manager: conda
    name: libgcc
    optional: false
    platform: linux-64
    url: https://conda.anaconda.org/conda-forge/linux-64/libgcc-14.2.0-h77fa898_1.conda
    version: 14.2.0
  - category: main
    dependencies:
      libgcc: 14.2.0
    hash:
      md5: e39480b9ca41323497b05492a63bc35b
      sha256: 3a76969c80e9af8b6e7a55090088bc41da4cffcde9e2c71b17f44d37b7cb87f7
    manager: conda
    name: libgcc-ng
    optional: false
    platform: linux-64
    url:
      https://conda.anaconda.org/conda-forge/linux-64/libgcc-ng-14.2.0-h69a702a_1.conda
    version: 14.2.0
  - category: main
    dependencies:
      libgfortran5: 14.2.0
    hash:
      md5: f1fd30127802683586f768875127a987
      sha256: fc9e7f22a17faf74da904ebfc4d88699013d2992e55505e4aa0eb01770290977
    manager: conda
    name: libgfortran
    optional: false
    platform: linux-64
    url:
      https://conda.anaconda.org/conda-forge/linux-64/libgfortran-14.2.0-h69a702a_1.conda
    version: 14.2.0
  - category: main
    dependencies:
      libgcc: '>=14.2.0'
    hash:
      md5: 9822b874ea29af082e5d36098d25427d
      sha256: d149a37ca73611e425041f33b9d8dbed6e52ec506fe8cc1fc0ee054bddeb6d5d
    manager: conda
    name: libgfortran5
    optional: false
    platform: linux-64
    url:
      https://conda.anaconda.org/conda-forge/linux-64/libgfortran5-14.2.0-hd5240d6_1.conda
    version: 14.2.0
  - category: main
    dependencies:
      _libgcc_mutex: '0.1'
    hash:
      md5: cc3573974587f12dda90d96e3e55a702
      sha256: 1911c29975ec99b6b906904040c855772ccb265a1c79d5d75c8ceec4ed89cd63
    manager: conda
    name: libgomp
    optional: false
    platform: linux-64
    url: https://conda.anaconda.org/conda-forge/linux-64/libgomp-14.2.0-h77fa898_1.conda
    version: 14.2.0
  - category: main
    dependencies:
      libblas: 3.9.0
    hash:
      md5: 4dc03a53fc69371a6158d0ed37214cd3
      sha256: 9d1ff017714edb2d84868f0f931a4a0e7c289a971062b2ac66cfc8145df7e20e
    manager: conda
    name: liblapack
    optional: false
    platform: linux-64
    url:
      https://conda.anaconda.org/conda-forge/linux-64/liblapack-3.9.0-25_linux64_openblas.conda
    version: 3.9.0
  - category: main
    dependencies:
      __glibc: '>=2.17,<3.0.a0'
      libgcc-ng: '>=12'
    hash:
      md5: aeb98fdeb2e8f25d43ef71fbacbeec80
      sha256: d02d1d3304ecaf5c728e515eb7416517a0b118200cd5eacbe829c432d1664070
    manager: conda
    name: libmpdec
    optional: false
    platform: linux-64
    url: https://conda.anaconda.org/conda-forge/linux-64/libmpdec-4.0.0-h4bc722e_0.conda
    version: 4.0.0
  - category: main
    dependencies:
      __glibc: '>=2.17,<3.0.a0'
      libgcc: '>=14'
      libgfortran: ''
      libgfortran5: '>=14.2.0'
    hash:
      md5: 62857b389e42b36b686331bec0922050
      sha256: 99ba271d8a80a1af2723f2e124ffd91d850074c0389c067e6d96d72a2dbfeabe
    manager: conda
    name: libopenblas
    optional: false
    platform: linux-64
    url:
      https://conda.anaconda.org/conda-forge/linux-64/libopenblas-0.3.28-pthreads_h94d23a6_1.conda
    version: 0.3.28
  - category: main
    dependencies:
      __glibc: '>=2.17,<3.0.a0'
      libgcc: '>=13'
      libzlib: '>=1.3.1,<2.0a0'
    hash:
      md5: b6f02b52a174e612e89548f4663ce56a
      sha256: 8a9aadf996a2399f65b679c6e7f29139d5059f699c63e6d7b50e20db10c00508
    manager: conda
    name: libsqlite
    optional: false
    platform: linux-64
    url:
      https://conda.anaconda.org/conda-forge/linux-64/libsqlite-3.47.0-hadc24fc_1.conda
    version: 3.47.0
  - category: main
    dependencies:
      libgcc: 14.2.0
    hash:
      md5: 234a5554c53625688d51062645337328
      sha256: 4661af0eb9bdcbb5fb33e5d0023b001ad4be828fccdcc56500059d56f9869462
    manager: conda
    name: libstdcxx
    optional: false
    platform: linux-64
    url:
      https://conda.anaconda.org/conda-forge/linux-64/libstdcxx-14.2.0-hc0a3c3a_1.conda
    version: 14.2.0
  - category: main
    dependencies:
      libgcc-ng: '>=12'
    hash:
      md5: 40b61aab5c7ba9ff276c41cfffe6b80b
      sha256: 787eb542f055a2b3de553614b25f09eefb0a0931b0c87dbcce6efdfd92f04f18
    manager: conda
    name: libuuid
    optional: false
    platform: linux-64
    url: https://conda.anaconda.org/conda-forge/linux-64/libuuid-2.38.1-h0b41bf4_0.conda
    version: 2.38.1
  - category: main
    dependencies:
      __glibc: '>=2.17,<3.0.a0'
      libgcc: '>=13'
    hash:
      md5: edb0dca6bc32e4f4789199455a1dbeb8
      sha256: d4bfe88d7cb447768e31650f06257995601f89076080e76df55e3112d4e47dc4
    manager: conda
    name: libzlib
    optional: false
    platform: linux-64
    url: https://conda.anaconda.org/conda-forge/linux-64/libzlib-1.3.1-hb9d3cd8_2.conda
    version: 1.3.1
  - category: main
    dependencies:
      __glibc: '>=2.17,<3.0.a0'
      libgcc-ng: '>=12'
    hash:
      md5: 70caf8bb6cf39a0b6b7efc885f51c0fe
      sha256: 6a1d5d8634c1a07913f1c525db6455918cbc589d745fac46d9d6e30340c8731a
    manager: conda
    name: ncurses
    optional: false
    platform: linux-64
    url: https://conda.anaconda.org/conda-forge/linux-64/ncurses-6.5-he02047a_1.conda
    version: '6.5'
  - category: main
    dependencies:
      __glibc: '>=2.17,<3.0.a0'
      libblas: '>=3.9.0,<4.0a0'
      libcblas: '>=3.9.0,<4.0a0'
      libgcc: '>=13'
      liblapack: '>=3.9.0,<4.0a0'
      libstdcxx: '>=13'
      python: '>=3.13,<3.14.0a0'
      python_abi: 3.13.*
    hash:
      md5: 17bcf851cceab793dad11ab8089d4bc4
      sha256: e2e7451083c143cd61227d663e55712a7432239e9a9c758db0b66a26bc89a7f8
    manager: conda
    name: numpy
    optional: false
    platform: linux-64
    url:
      https://conda.anaconda.org/conda-forge/linux-64/numpy-2.1.3-py313h4bf6692_0.conda
    version: 2.1.3
  - category: main
    dependencies:
      __glibc: '>=2.17,<3.0.a0'
      ca-certificates: ''
      libgcc: '>=13'
    hash:
      md5: 23cc74f77eb99315c0360ec3533147a9
      sha256: 814b9dff1847b132c676ee6cc1a8cb2d427320779b93e1b6d76552275c128705
    manager: conda
    name: openssl
    optional: false
    platform: linux-64
    url: https://conda.anaconda.org/conda-forge/linux-64/openssl-3.4.0-hb9d3cd8_0.conda
    version: 3.4.0
  - category: main
    dependencies:
      __glibc: '>=2.17,<3.0.a0'
      bzip2: '>=1.0.8,<2.0a0'
      ld_impl_linux-64: '>=2.36.1'
      libexpat: '>=2.6.3,<3.0a0'
      libffi: '>=3.4,<4.0a0'
      libgcc: '>=13'
      libmpdec: '>=4.0.0,<5.0a0'
      libsqlite: '>=3.46.1,<4.0a0'
      libuuid: '>=2.38.1,<3.0a0'
      libzlib: '>=1.3.1,<2.0a0'
      ncurses: '>=6.5,<7.0a0'
      openssl: '>=3.3.2,<4.0a0'
      python_abi: 3.13.*
      readline: '>=8.2,<9.0a0'
      tk: '>=8.6.13,<8.7.0a0'
      tzdata: ''
      xz: '>=5.2.6,<6.0a0'
    hash:
      md5: 08e9aef080f33daeb192b2ddc7e4721f
      sha256: 6ab5179679f0909db828d8316f3b8b379014a82404807310fe7df5a6cf303646
    manager: conda
    name: python
    optional: false
    platform: linux-64
    url:
      https://conda.anaconda.org/conda-forge/linux-64/python-3.13.0-h9ebbce0_100_cp313.conda
    version: 3.13.0
  - category: main
    dependencies: {}
    hash:
      md5: 381bbd2a92c863f640a55b6ff3c35161
      sha256: 438225b241c5f9bddae6f0178a97f5870a89ecf927dfca54753e689907331442
    manager: conda
    name: python_abi
    optional: false
    platform: linux-64
    url: https://conda.anaconda.org/conda-forge/linux-64/python_abi-3.13-5_cp313.conda
    version: '3.13'
  - category: main
    dependencies:
      libgcc-ng: '>=12'
      ncurses: '>=6.3,<7.0a0'
    hash:
      md5: 47d31b792659ce70f470b5c82fdfb7a4
      sha256: 5435cf39d039387fbdc977b0a762357ea909a7694d9528ab40f005e9208744d7
    manager: conda
    name: readline
    optional: false
    platform: linux-64
    url: https://conda.anaconda.org/conda-forge/linux-64/readline-8.2-h8228510_1.conda
    version: '8.2'
  - category: main
    dependencies:
      libgcc-ng: '>=12'
      libzlib: '>=1.2.13,<2.0.0a0'
    hash:
      md5: d453b98d9c83e71da0741bb0ff4d76bc
      sha256: e0569c9caa68bf476bead1bed3d79650bb080b532c64a4af7d8ca286c08dea4e
    manager: conda
    name: tk
    optional: false
    platform: linux-64
    url:
      https://conda.anaconda.org/conda-forge/linux-64/tk-8.6.13-noxft_h4845f30_101.conda
    version: 8.6.13
  - category: main
    dependencies: {}
    hash:
      md5: 8ac3367aafb1cc0a068483c580af8015
      sha256: 4fde5c3008bf5d2db82f2b50204464314cc3c91c1d953652f7bd01d9e52aefdf
    manager: conda
    name: tzdata
    optional: false
    platform: linux-64
    url: https://conda.anaconda.org/conda-forge/noarch/tzdata-2024b-hc8b5060_0.conda
    version: 2024b
  - category: main
    dependencies:
      libgcc-ng: '>=12'
    hash:
      md5: 2161070d867d1b1204ea749c8eec4ef0
      sha256: 03a6d28ded42af8a347345f82f3eebdd6807a08526d47899a42d62d319609162
    manager: conda
    name: xz
    optional: false
    platform: linux-64
    url: https://conda.anaconda.org/conda-forge/linux-64/xz-5.2.6-h166bdaf_0.tar.bz2
    version: 5.2.6
version: 1
