metadata:
  channels:
    - url: conda-forge
      used_env_vars: []
  content_hash:
    linux-64: 768e47230b18b6b04c7965334003baecd7b4fd9cf362e914f48c1fa946f52604
  platforms:
    - linux-64
  sources:
    - environment.yml
package:
  - category: main
    dependencies: {}
    hash:
      md5: d7c89558ba9fa0495403155b64376d81
      sha256: fe51de6107f9edc7aa4f786a70f4a883943bc9d39b3bb7307c04c41410990726
    manager: conda
    name: _libgcc_mutex
    optional: false
    platform: linux-64
    url:
      https://conda.anaconda.org/conda-forge/linux-64/_libgcc_mutex-0.1-conda_forge.tar.bz2
    version: '0.1'
  - category: main
    dependencies:
      _libgcc_mutex: '0.1'
      libgomp: '>=7.5.0'
    hash:
      md5: 73aaf86a425cc6e73fcf236a5a46396d
      sha256: fbe2c5e56a653bebb982eda4876a9178aedfc2b545f25d0ce9c4c0b508253d22
    manager: conda
    name: _openmp_mutex
    optional: false
    platform: linux-64
    url: https://conda.anaconda.org/conda-forge/linux-64/_openmp_mutex-4.5-2_gnu.tar.bz2
    version: '4.5'
  - category: main
    dependencies:
      __glibc: '>=2.17,<3.0.a0'
      libgcc-ng: '>=12'
    hash:
      md5: 62ee74e96c5ebb0af99386de58cf9553
      sha256: 5ced96500d945fb286c9c838e54fa759aa04a7129c59800f0846b4335cee770d
    manager: conda
    name: bzip2
    optional: false
    platform: linux-64
    url: https://conda.anaconda.org/conda-forge/linux-64/bzip2-1.0.8-h4bc722e_7.conda
    version: 1.0.8
  - category: main
    dependencies: {}
    hash:
      md5: c27d1c142233b5bc9ca570c6e2e0c244
      sha256: afee721baa6d988e27fef1832f68d6f32ac8cc99cdf6015732224c2841a09cea
    manager: conda
    name: ca-certificates
    optional: false
    platform: linux-64
    url:
      https://conda.anaconda.org/conda-forge/linux-64/ca-certificates-2024.8.30-hbcca054_0.conda
    version: 2024.8.30
  - category: main
    dependencies:
      __glibc: '>=2.17,<3.0.a0'
    hash:
      md5: 83e1364586ceb8d0739fbc85b5c95837
      sha256: 0c21387f9a411e3d1f7f2969026bacfece133c8f1e72faea9cde29c0c19e1f3a
    manager: conda
    name: ld_impl_linux-64
    optional: false
    platform: linux-64
    url:
      https://conda.anaconda.org/conda-forge/linux-64/ld_impl_linux-64-2.43-h712a8e2_1.conda
    version: '2.43'
  - category: main
    dependencies:
      libopenblas: '>=0.3.27,<1.0a0'
    hash:
      md5: 80aea6603a6813b16ec119d00382b772
      sha256: 3097f7913bda527d4fe9f824182b314e130044e582455037fca6f4e97965d83c
    manager: conda
    name: libblas
    optional: false
    platform: linux-64
    url:
      https://conda.anaconda.org/conda-forge/linux-64/libblas-3.9.0-24_linux64_openblas.conda
    version: 3.9.0
  - category: main
    dependencies:
      libblas: 3.9.0
    hash:
      md5: f5b8822297c9c790cec0795ca1fc9be6
      sha256: 2a52bccc5b03cdf014d856d0b85dbd591faa335ab337d620cd6aded121d7153c
    manager: conda
    name: libcblas
    optional: false
    platform: linux-64
    url:
      https://conda.anaconda.org/conda-forge/linux-64/libcblas-3.9.0-24_linux64_openblas.conda
    version: 3.9.0
  - category: main
    dependencies:
      __glibc: '>=2.17,<3.0.a0'
      libgcc: '>=13'
    hash:
      md5: 59f4c43bb1b5ef1c71946ff2cbf59524
      sha256: 4bb47bb2cd09898737a5211e2992d63c555d63715a07ba56eae0aff31fb89c22
    manager: conda
    name: libexpat
    optional: false
    platform: linux-64
    url: https://conda.anaconda.org/conda-forge/linux-64/libexpat-2.6.3-h5888daf_0.conda
    version: 2.6.3
  - category: main
    dependencies:
      libgcc-ng: '>=9.4.0'
    hash:
      md5: d645c6d2ac96843a2bfaccd2d62b3ac3
      sha256: ab6e9856c21709b7b517e940ae7028ae0737546122f83c2aa5d692860c3b149e
    manager: conda
    name: libffi
    optional: false
    platform: linux-64
    url: https://conda.anaconda.org/conda-forge/linux-64/libffi-3.4.2-h7f98852_5.tar.bz2
    version: 3.4.2
  - category: main
    dependencies:
      _libgcc_mutex: '0.1'
      _openmp_mutex: '>=4.5'
    hash:
      md5: 002ef4463dd1e2b44a94a4ace468f5d2
      sha256: 10fa74b69266a2be7b96db881e18fa62cfa03082b65231e8d652e897c4b335a3
    manager: conda
    name: libgcc
    optional: false
    platform: linux-64
    url: https://conda.anaconda.org/conda-forge/linux-64/libgcc-14.1.0-h77fa898_1.conda
    version: 14.1.0
  - category: main
    dependencies:
      libgcc: 14.1.0
    hash:
      md5: 1efc0ad219877a73ef977af7dbb51f17
      sha256: b91f7021e14c3d5c840fbf0dc75370d6e1f7c7ff4482220940eaafb9c64613b7
    manager: conda
    name: libgcc-ng
    optional: false
    platform: linux-64
    url:
      https://conda.anaconda.org/conda-forge/linux-64/libgcc-ng-14.1.0-h69a702a_1.conda
    version: 14.1.0
  - category: main
    dependencies:
      libgfortran5: 14.1.0
    hash:
      md5: 591e631bc1ae62c64f2ab4f66178c097
      sha256: ed77f04f873e43a26e24d443dd090631eedc7d0ace3141baaefd96a123e47535
    manager: conda
    name: libgfortran
    optional: false
    platform: linux-64
    url:
      https://conda.anaconda.org/conda-forge/linux-64/libgfortran-14.1.0-h69a702a_1.conda
    version: 14.1.0
  - category: main
    dependencies:
      libgfortran: 14.1.0
    hash:
      md5: 16cec94c5992d7f42ae3f9fa8b25df8d
      sha256: a2dc35cb7f87bb5beebf102d4085574c6a740e1df58e743185d4434cc5e4e0ae
    manager: conda
    name: libgfortran-ng
    optional: false
    platform: linux-64
    url:
      https://conda.anaconda.org/conda-forge/linux-64/libgfortran-ng-14.1.0-h69a702a_1.conda
    version: 14.1.0
  - category: main
    dependencies:
      libgcc: '>=14.1.0'
    hash:
      md5: 10a0cef64b784d6ab6da50ebca4e984d
      sha256: c40d7db760296bf9c776de12597d2f379f30e890b9ae70c1de962ff2aa1999f6
    manager: conda
    name: libgfortran5
    optional: false
    platform: linux-64
    url:
      https://conda.anaconda.org/conda-forge/linux-64/libgfortran5-14.1.0-hc5f4f2c_1.conda
    version: 14.1.0
  - category: main
    dependencies:
      _libgcc_mutex: '0.1'
    hash:
      md5: 23c255b008c4f2ae008f81edcabaca89
      sha256: c96724c8ae4ee61af7674c5d9e5a3fbcf6cd887a40ad5a52c99aa36f1d4f9680
    manager: conda
    name: libgomp
    optional: false
    platform: linux-64
    url: https://conda.anaconda.org/conda-forge/linux-64/libgomp-14.1.0-h77fa898_1.conda
    version: 14.1.0
  - category: main
    dependencies:
      libblas: 3.9.0
    hash:
      md5: fd540578678aefe025705f4b58b36b2e
      sha256: a15da20c3c0fb5f356e5b4e2f1e87b0da11b9a46805a7f2609bf30f23453831a
    manager: conda
    name: liblapack
    optional: false
    platform: linux-64
    url:
      https://conda.anaconda.org/conda-forge/linux-64/liblapack-3.9.0-24_linux64_openblas.conda
    version: 3.9.0
  - category: main
    dependencies:
      __glibc: '>=2.17,<3.0.a0'
      libgcc-ng: '>=12'
    hash:
      md5: aeb98fdeb2e8f25d43ef71fbacbeec80
      sha256: d02d1d3304ecaf5c728e515eb7416517a0b118200cd5eacbe829c432d1664070
    manager: conda
    name: libmpdec
    optional: false
    platform: linux-64
    url: https://conda.anaconda.org/conda-forge/linux-64/libmpdec-4.0.0-h4bc722e_0.conda
    version: 4.0.0
  - category: main
    dependencies:
      libgcc-ng: '>=12'
      libgfortran-ng: ''
      libgfortran5: '>=12.3.0'
    hash:
      md5: ae05ece66d3924ac3d48b4aa3fa96cec
      sha256: 714cb82d7c4620ea2635a92d3df263ab841676c9b183d0c01992767bb2451c39
    manager: conda
    name: libopenblas
    optional: false
    platform: linux-64
    url:
      https://conda.anaconda.org/conda-forge/linux-64/libopenblas-0.3.27-pthreads_hac2b453_1.conda
    version: 0.3.27
  - category: main
    dependencies:
      __glibc: '>=2.17,<3.0.a0'
      libgcc: '>=13'
      libzlib: '>=1.3.1,<2.0a0'
    hash:
      md5: 36f79405ab16bf271edb55b213836dac
      sha256: 9851c049abafed3ee329d6c7c2033407e2fc269d33a75c071110ab52300002b0
    manager: conda
    name: libsqlite
    optional: false
    platform: linux-64
    url:
      https://conda.anaconda.org/conda-forge/linux-64/libsqlite-3.46.1-hadc24fc_0.conda
    version: 3.46.1
  - category: main
    dependencies:
      libgcc: 14.1.0
    hash:
      md5: 9dbb9699ea467983ba8a4ba89b08b066
      sha256: 44decb3d23abacf1c6dd59f3c152a7101b7ca565b4ef8872804ceaedcc53a9cd
    manager: conda
    name: libstdcxx
    optional: false
    platform: linux-64
    url:
      https://conda.anaconda.org/conda-forge/linux-64/libstdcxx-14.1.0-hc0a3c3a_1.conda
    version: 14.1.0
  - category: main
    dependencies:
      libgcc-ng: '>=12'
    hash:
      md5: 40b61aab5c7ba9ff276c41cfffe6b80b
      sha256: 787eb542f055a2b3de553614b25f09eefb0a0931b0c87dbcce6efdfd92f04f18
    manager: conda
    name: libuuid
    optional: false
    platform: linux-64
    url: https://conda.anaconda.org/conda-forge/linux-64/libuuid-2.38.1-h0b41bf4_0.conda
    version: 2.38.1
  - category: main
    dependencies:
      __glibc: '>=2.17,<3.0.a0'
      libgcc: '>=13'
    hash:
      md5: edb0dca6bc32e4f4789199455a1dbeb8
      sha256: d4bfe88d7cb447768e31650f06257995601f89076080e76df55e3112d4e47dc4
    manager: conda
    name: libzlib
    optional: false
    platform: linux-64
    url: https://conda.anaconda.org/conda-forge/linux-64/libzlib-1.3.1-hb9d3cd8_2.conda
    version: 1.3.1
  - category: main
    dependencies:
      __glibc: '>=2.17,<3.0.a0'
      libgcc-ng: '>=12'
    hash:
      md5: 70caf8bb6cf39a0b6b7efc885f51c0fe
      sha256: 6a1d5d8634c1a07913f1c525db6455918cbc589d745fac46d9d6e30340c8731a
    manager: conda
    name: ncurses
    optional: false
    platform: linux-64
    url: https://conda.anaconda.org/conda-forge/linux-64/ncurses-6.5-he02047a_1.conda
    version: '6.5'
  - category: main
    dependencies:
      __glibc: '>=2.17,<3.0.a0'
      libblas: '>=3.9.0,<4.0a0'
      libcblas: '>=3.9.0,<4.0a0'
      libgcc: '>=13'
      liblapack: '>=3.9.0,<4.0a0'
      libstdcxx: '>=13'
      python: '>=3.13.0rc3,<3.14.0a0'
      python_abi: 3.13.*
    hash:
      md5: 01160f6090dd2db5c0dce21712121d33
      sha256: 1d160a3e4d96f5e1fc81a97ca849be8bba055854bcf05ed866e94987e63e03c0
    manager: conda
    name: numpy
    optional: false
    platform: linux-64
    url:
      https://conda.anaconda.org/conda-forge/linux-64/numpy-2.1.2-py313h4bf6692_0.conda
    version: 2.1.2
  - category: main
    dependencies:
      __glibc: '>=2.17,<3.0.a0'
      ca-certificates: ''
      libgcc: '>=13'
    hash:
      md5: 4d638782050ab6faa27275bed57e9b4e
      sha256: cee91036686419f6dd6086902acf7142b4916e1c4ba042e9ca23e151da012b6d
    manager: conda
    name: openssl
    optional: false
    platform: linux-64
    url: https://conda.anaconda.org/conda-forge/linux-64/openssl-3.3.2-hb9d3cd8_0.conda
    version: 3.3.2
  - category: main
    dependencies:
      __glibc: '>=2.17,<3.0.a0'
      bzip2: '>=1.0.8,<2.0a0'
      ld_impl_linux-64: '>=2.36.1'
      libexpat: '>=2.6.3,<3.0a0'
      libffi: '>=3.4,<4.0a0'
      libgcc: '>=13'
      libmpdec: '>=4.0.0,<5.0a0'
      libsqlite: '>=3.46.1,<4.0a0'
      libuuid: '>=2.38.1,<3.0a0'
      libzlib: '>=1.3.1,<2.0a0'
      ncurses: '>=6.5,<7.0a0'
      openssl: '>=3.3.2,<4.0a0'
      python_abi: 3.13.*
      readline: '>=8.2,<9.0a0'
      tk: '>=8.6.13,<8.7.0a0'
      tzdata: ''
      xz: '>=5.2.6,<6.0a0'
    hash:
      md5: 08e9aef080f33daeb192b2ddc7e4721f
      sha256: 6ab5179679f0909db828d8316f3b8b379014a82404807310fe7df5a6cf303646
    manager: conda
    name: python
    optional: false
    platform: linux-64
    url:
      https://conda.anaconda.org/conda-forge/linux-64/python-3.13.0-h9ebbce0_100_cp313.conda
    version: 3.13.0
  - category: main
    dependencies: {}
    hash:
      md5: 381bbd2a92c863f640a55b6ff3c35161
      sha256: 438225b241c5f9bddae6f0178a97f5870a89ecf927dfca54753e689907331442
    manager: conda
    name: python_abi
    optional: false
    platform: linux-64
    url: https://conda.anaconda.org/conda-forge/linux-64/python_abi-3.13-5_cp313.conda
    version: '3.13'
  - category: main
    dependencies:
      libgcc-ng: '>=12'
      ncurses: '>=6.3,<7.0a0'
    hash:
      md5: 47d31b792659ce70f470b5c82fdfb7a4
      sha256: 5435cf39d039387fbdc977b0a762357ea909a7694d9528ab40f005e9208744d7
    manager: conda
    name: readline
    optional: false
    platform: linux-64
    url: https://conda.anaconda.org/conda-forge/linux-64/readline-8.2-h8228510_1.conda
    version: '8.2'
  - category: main
    dependencies:
      libgcc-ng: '>=12'
      libzlib: '>=1.2.13,<2.0.0a0'
    hash:
      md5: d453b98d9c83e71da0741bb0ff4d76bc
      sha256: e0569c9caa68bf476bead1bed3d79650bb080b532c64a4af7d8ca286c08dea4e
    manager: conda
    name: tk
    optional: false
    platform: linux-64
    url:
      https://conda.anaconda.org/conda-forge/linux-64/tk-8.6.13-noxft_h4845f30_101.conda
    version: 8.6.13
  - category: main
    dependencies: {}
    hash:
      md5: 8ac3367aafb1cc0a068483c580af8015
      sha256: 4fde5c3008bf5d2db82f2b50204464314cc3c91c1d953652f7bd01d9e52aefdf
    manager: conda
    name: tzdata
    optional: false
    platform: linux-64
    url: https://conda.anaconda.org/conda-forge/noarch/tzdata-2024b-hc8b5060_0.conda
    version: 2024b
  - category: main
    dependencies:
      libgcc-ng: '>=12'
    hash:
      md5: 2161070d867d1b1204ea749c8eec4ef0
      sha256: 03a6d28ded42af8a347345f82f3eebdd6807a08526d47899a42d62d319609162
    manager: conda
    name: xz
    optional: false
    platform: linux-64
    url: https://conda.anaconda.org/conda-forge/linux-64/xz-5.2.6-h166bdaf_0.tar.bz2
    version: 5.2.6
version: 1
