# This lock file was generated by conda-lock (https://github.com/conda/conda-lock). DO NOT EDIT!
#
# A "lock file" contains a concrete list of package versions (with checksums) to be installed. Unlike
# e.g. `conda env create`, the resulting environment will not change as new package versions become
# available, unless you explicitly update the lock file.
#
# Install this environment as "YOURENV" with:
#     conda-lock install -n YOURENV conda-lock.yml
# To update a single package to the latest version compatible with the version constraints in the source:
#     conda-lock lock  --lockfile conda-lock.yml --update PACKAGE
# To re-solve the entire environment, e.g. after changing a version constraint in the source file:
#     conda-lock -f test-env.yml --lockfile conda-lock.yml
version: 1
metadata:
  content_hash:
    osx-arm64: c2a83a576932cb8888f693d40b65d4dc9c3468cb81b4a9224b3d3541094f1374
    linux-64: 768e47230b18b6b04c7965334003baecd7b4fd9cf362e914f48c1fa946f52604
    osx-64: 79aadd582eff9789b036515460e000d2cf876188e368a4f6da8e5494392b5c00
  channels:
  - url: conda-forge
    used_env_vars: []
  platforms:
  - osx-arm64
  - linux-64
  - osx-64
  sources:
  - test-env.yml
package:
- name: _openmp_mutex
  version: '4.5'
  manager: conda
  platform: linux-64
  dependencies:
    __glibc: '>=2.17,<3.0.a0'
    libgomp: '>=7.5.0'
  url: https://conda.anaconda.org/conda-forge/linux-64/_openmp_mutex-4.5-20_gnu.conda
  hash:
    md5: a9f577daf3de00bca7c3c76c0ecbd1de
    sha256: 1dd3fffd892081df9726d7eb7e0dea6198962ba775bd88842135a4ddb4deb3c9
  category: main
  optional: false
- name: _openmp_mutex
  version: '4.5'
  manager: conda
  platform: osx-64
  dependencies:
    llvm-openmp: '>=9.0.1'
  url: https://conda.anaconda.org/conda-forge/osx-64/_openmp_mutex-4.5-7_kmp_llvm.conda
  hash:
    md5: eaac87c21aff3ed21ad9656697bb8326
    sha256: 30006902a9274de8abdad5a9f02ef7c8bb3d69a503486af0c1faee30b023e5b7
  category: main
  optional: false
- name: _openmp_mutex
  version: '4.5'
  manager: conda
  platform: osx-arm64
  dependencies:
    llvm-openmp: '>=9.0.1'
  url: https://conda.anaconda.org/conda-forge/osx-arm64/_openmp_mutex-4.5-7_kmp_llvm.conda
  hash:
    md5: a44032f282e7d2acdeb1c240308052dd
    sha256: 7acaa2e0782cad032bdaf756b536874346ac1375745fb250e9bdd6a48a7ab3cd
  category: main
  optional: false
- name: bzip2
  version: 1.0.8
  manager: conda
  platform: linux-64
  dependencies:
    __glibc: '>=2.17,<3.0.a0'
    libgcc: '>=14'
  url: https://conda.anaconda.org/conda-forge/linux-64/bzip2-1.0.8-hda65f42_10.conda
  hash:
    md5: e675fabcf81499adc7edf58124fb1e01
    sha256: 1a0d382c515ebf55f8ee1f38c8b81bc95af5c2acc42ad53b66bc5df932032f96
  category: main
  optional: false
- name: bzip2
  version: 1.0.8
  manager: conda
  platform: osx-64
  dependencies:
    __osx: '>=11.0'
  url: https://conda.anaconda.org/conda-forge/osx-64/bzip2-1.0.8-h374f1ed_10.conda
  hash:
    md5: 9d9a39212a876e4bb751c1cc3927b678
    sha256: 4ed83961876dc8844a6f0df49c07b408efbaea275ffb0b37133e24c006990b3a
  category: main
  optional: false
- name: bzip2
  version: 1.0.8
  manager: conda
  platform: osx-arm64
  dependencies:
    __osx: '>=11.0'
  url: https://conda.anaconda.org/conda-forge/osx-arm64/bzip2-1.0.8-h4e30115_10.conda
  hash:
    md5: b50612e7d190b8061ab4e7dc119cf4d5
    sha256: 8ec22f0ba25cbfc2e64d70cf29459eccd7ffdf6436f6a6ff15bbfef799f7d4f6
  category: main
  optional: false
- name: ca-certificates
  version: 2026.7.22
  manager: conda
  platform: linux-64
  dependencies:
    __unix: ''
  url: https://conda.anaconda.org/conda-forge/noarch/ca-certificates-2026.7.22-hbd8a1cb_0.conda
  hash:
    md5: 0f51e2391ade309db462a55611263e9c
    sha256: 0a0544cf95f64394fe4959286f5c71f5444ad58feb0602e53becb27448d24da6
  category: main
  optional: false
- name: ca-certificates
  version: 2026.7.22
  manager: conda
  platform: osx-64
  dependencies:
    __unix: ''
  url: https://conda.anaconda.org/conda-forge/noarch/ca-certificates-2026.7.22-hbd8a1cb_0.conda
  hash:
    md5: 0f51e2391ade309db462a55611263e9c
    sha256: 0a0544cf95f64394fe4959286f5c71f5444ad58feb0602e53becb27448d24da6
  category: main
  optional: false
- name: ca-certificates
  version: 2026.7.22
  manager: conda
  platform: osx-arm64
  dependencies:
    __unix: ''
  url: https://conda.anaconda.org/conda-forge/noarch/ca-certificates-2026.7.22-hbd8a1cb_0.conda
  hash:
    md5: 0f51e2391ade309db462a55611263e9c
    sha256: 0a0544cf95f64394fe4959286f5c71f5444ad58feb0602e53becb27448d24da6
  category: main
  optional: false
- name: icu
  version: '78.3'
  manager: conda
  platform: linux-64
  dependencies:
    __glibc: '>=2.17,<3.0.a0'
    libgcc: '>=14'
    libstdcxx: '>=14'
  url: https://conda.anaconda.org/conda-forge/linux-64/icu-78.3-h54a6638_2.conda
  hash:
    md5: 4ef4b977bb216a3001a3334696a80850
    sha256: d7c260b7e1cf22ce04d6ba8a86eabf4e6c50bc96a5c27fe2ecb32298af3e88eb
  category: main
  optional: false
- name: icu
  version: '78.3'
  manager: conda
  platform: osx-arm64
  dependencies:
    __osx: '>=11.0'
  url: https://conda.anaconda.org/conda-forge/osx-arm64/icu-78.3-hc7cc350_2.conda
  hash:
    md5: 6133ddbb17ba2b50700dd88e9303ce27
    sha256: f0b22bc30e4cc29e29ba3234cb38497fe8def2c2aae4b775d42fe5b378a018c9
  category: main
  optional: false
- name: ld_impl_linux-64
  version: 2.46.1
  manager: conda
  platform: linux-64
  dependencies:
    __glibc: '>=2.17,<3.0.a0'
    zstd: '>=1.5.7,<1.6.0a0'
  url: https://conda.anaconda.org/conda-forge/linux-64/ld_impl_linux-64-2.46.1-default_hbd61a6d_102.conda
  hash:
    md5: 449500f2c089da11c40f5c21312e3e07
    sha256: 27d83f1188cd19bcb7754a078b3fa7f4cfb8527f8eb2fde54dd01fc529d1adec
  category: main
  optional: false
- name: libblas
  version: 3.11.0
  manager: conda
  platform: linux-64
  dependencies:
    libopenblas: '>=0.3.34,<0.3.35.0a0,>=0.3.34,<1.0a0'
  url: https://conda.anaconda.org/conda-forge/linux-64/libblas-3.11.0-9_h4a7cf45_openblas.conda
  hash:
    md5: f5c4b041925dea221dc4bad2e50569d9
    sha256: 39c7b3c5427b435c9c059ede9da61d46d42574e5b846ad37fdc3af4a5eab1e48
  category: main
  optional: false
- name: libblas
  version: 3.11.0
  manager: conda
  platform: osx-64
  dependencies:
    libopenblas: '>=0.3.34,<0.3.35.0a0,>=0.3.34,<1.0a0'
  url: https://conda.anaconda.org/conda-forge/osx-64/libblas-3.11.0-9_he492b99_openblas.conda
  hash:
    md5: 0b64f88d69c7a28d2bec8784acd79a50
    sha256: f2cb41355db01a4302d5149eb6ee9ad56d71f58bb6a006d964af373164d9157e
  category: main
  optional: false
- name: libblas
  version: 3.11.0
  manager: conda
  platform: osx-arm64
  dependencies:
    libopenblas: '>=0.3.34,<0.3.35.0a0,>=0.3.34,<1.0a0'
  url: https://conda.anaconda.org/conda-forge/osx-arm64/libblas-3.11.0-9_h51639a9_openblas.conda
  hash:
    md5: cb1f85be9d88af453fcda3dfba995099
    sha256: 0437866fe43b4c911470d3e7ddea18d78390bd7062d9563ce6d38c8ba5798405
  category: main
  optional: false
- name: libcblas
  version: 3.11.0
  manager: conda
  platform: linux-64
  dependencies:
    libblas: 3.11.0
  url: https://conda.anaconda.org/conda-forge/linux-64/libcblas-3.11.0-9_h0358290_openblas.conda
  hash:
    md5: 092c5649f3727af436ab0f67f48c3811
    sha256: 4c532a70ea9aeff2fa1aabaa4828ebc00c2ed12b22aa8ba19da5302b882fc82b
  category: main
  optional: false
- name: libcblas
  version: 3.11.0
  manager: conda
  platform: osx-64
  dependencies:
    libblas: 3.11.0
  url: https://conda.anaconda.org/conda-forge/osx-64/libcblas-3.11.0-9_h9b27e0a_openblas.conda
  hash:
    md5: c92b138788de547ef31c924d254e6547
    sha256: 6e88bd92b55a9e938f7dc7ba11eb9afea6aff1553854d2bb81642dca2f8bdeac
  category: main
  optional: false
- name: libcblas
  version: 3.11.0
  manager: conda
  platform: osx-arm64
  dependencies:
    libblas: 3.11.0
  url: https://conda.anaconda.org/conda-forge/osx-arm64/libcblas-3.11.0-9_hb0561ab_openblas.conda
  hash:
    md5: a7b6ba94e3ca58bc7d4e1ae4ff95c215
    sha256: c4c71f20fdb20c86bf6f61c8c31bb349e4055bb4d19928e8580bb5615039cb4b
  category: main
  optional: false
- name: libcxx
  version: 22.1.8
  manager: conda
  platform: osx-64
  dependencies:
    __osx: '>=11.0'
  url: https://conda.anaconda.org/conda-forge/osx-64/libcxx-22.1.8-h19cb2f5_0.conda
  hash:
    md5: 0f600157f28fc7bc9549ecafdfa5bc12
    sha256: 57ee997f1f800cf38abc743c0f0a9ddfe6a101c697c35510452ce6f4ddf96361
  category: main
  optional: false
- name: libcxx
  version: 22.1.8
  manager: conda
  platform: osx-arm64
  dependencies:
    __osx: '>=11.0'
  url: https://conda.anaconda.org/conda-forge/osx-arm64/libcxx-22.1.8-h55c6f16_0.conda
  hash:
    md5: 89f76a2a21a3ec3ec983b5eb237c4113
    sha256: a2e7abab5add9750fab064c024394de48e49f97631c605ad5db5c8ac3fc769ef
  category: main
  optional: false
- name: libexpat
  version: 2.8.1
  manager: conda
  platform: linux-64
  dependencies:
    __glibc: '>=2.17,<3.0.a0'
    libgcc: '>=14'
  url: https://conda.anaconda.org/conda-forge/linux-64/libexpat-2.8.1-hecca717_1.conda
  hash:
    md5: b24d3c612f71e7aa74158d92106318b2
    sha256: 16feffd9ddbbe5b718515d38ee376c685ba95491cd901244e24671d20b952a77
  category: main
  optional: false
- name: libexpat
  version: 2.8.1
  manager: conda
  platform: osx-64
  dependencies:
    __osx: '>=11.0'
  url: https://conda.anaconda.org/conda-forge/osx-64/libexpat-2.8.1-hcc62823_1.conda
  hash:
    md5: dcfdea7b7013beef0a4d744d776ea38f
    sha256: 9c96cc05e056e1bba5b545cbbd57b6e01db622dc2c82934caaaa25cfb22fe666
  category: main
  optional: false
- name: libexpat
  version: 2.8.1
  manager: conda
  platform: osx-arm64
  dependencies:
    __osx: '>=11.0'
  url: https://conda.anaconda.org/conda-forge/osx-arm64/libexpat-2.8.1-hf6b4638_1.conda
  hash:
    md5: a915151d5d3c5bf039f5ccc8402a436f
    sha256: 5af74261101e3c777399c6294b2b5d290e508153268eb2e9ff99c4d69834612f
  category: main
  optional: false
- name: libffi
  version: 3.7.0
  manager: conda
  platform: linux-64
  dependencies:
    __glibc: '>=2.17,<3.0.a0'
    libgcc: '>=14'
  url: https://conda.anaconda.org/conda-forge/linux-64/libffi-3.7.0-h3435931_0.conda
  hash:
    md5: 0abe40a9880086ca4d2e5daf09dceff9
    sha256: ac38603008bf1e99b8ed379b1a656a67a70e2841f2b6a069c630cdf6316012d2
  category: main
  optional: false
- name: libffi
  version: 3.7.0
  manager: conda
  platform: osx-64
  dependencies:
    __osx: '>=11.0'
  url: https://conda.anaconda.org/conda-forge/osx-64/libffi-3.7.0-h8c408c4_0.conda
  hash:
    md5: b85d1868b8d9af5306443978da2961d6
    sha256: 525e9b574d6a62b73ccd4cb616495fccd11e80c7e6f4fd7e97a9dd5804bf4c0e
  category: main
  optional: false
- name: libffi
  version: 3.7.0
  manager: conda
  platform: osx-arm64
  dependencies:
    __osx: '>=11.0'
  url: https://conda.anaconda.org/conda-forge/osx-arm64/libffi-3.7.0-hcf2aa1b_0.conda
  hash:
    md5: 92e8690d170d46d768c32553458c0105
    sha256: 2c6ac9a6cd65af89b2bd448518bb1e13b44a2e48c0d469398e37bcfc0092e832
  category: main
  optional: false
- name: libgcc
  version: 16.1.0
  manager: conda
  platform: linux-64
  dependencies:
    __glibc: '>=2.17,<3.0.a0'
    _openmp_mutex: '>=4.5'
  url: https://conda.anaconda.org/conda-forge/linux-64/libgcc-16.1.0-ha9f2e26_1.conda
  hash:
    md5: 5a7d954665c707c93311657cd779c705
    sha256: d5cb8475131c31680f8fd30512c418f373064e272e452063276a8fb14c9fa42f
  category: main
  optional: false
- name: libgcc
  version: 16.1.0
  manager: conda
  platform: osx-64
  dependencies:
    _openmp_mutex: ''
  url: https://conda.anaconda.org/conda-forge/osx-64/libgcc-16.1.0-h13771c8_1.conda
  hash:
    md5: 8740e0ab12141e4b6d69877c552b06d2
    sha256: 9d36dbe759160f7f0e50753d63f956e9c8bce8d19c667285afda32f49e7eb256
  category: main
  optional: false
- name: libgcc
  version: 16.1.0
  manager: conda
  platform: osx-arm64
  dependencies:
    _openmp_mutex: ''
  url: https://conda.anaconda.org/conda-forge/osx-arm64/libgcc-16.1.0-h3cf6597_1.conda
  hash:
    md5: 0124dc2e6f70f3e8ebea643b42b18abb
    sha256: fdd1502babb50b802d090496586231f56236d7a6fc042a4e1ac2dee48da8366b
  category: main
  optional: false
- name: libgfortran
  version: 16.1.0
  manager: conda
  platform: linux-64
  dependencies:
    libgfortran5: 16.1.0
  url: https://conda.anaconda.org/conda-forge/linux-64/libgfortran-16.1.0-h69a702a_1.conda
  hash:
    md5: 2fbed65cc90cf0724e1ec4de13696737
    sha256: 9e82d410a50bd4e5e47cbbb026454c3eb543954baca4db23929575b571bf56a3
  category: main
  optional: false
- name: libgfortran
  version: 16.1.0
  manager: conda
  platform: osx-64
  dependencies:
    libgfortran5: 16.1.0
  url: https://conda.anaconda.org/conda-forge/osx-64/libgfortran-16.1.0-h7e5c614_1.conda
  hash:
    md5: 0fcefb3d06bd72bd61435fd2fae351b6
    sha256: a34b6224081d6a34cb06cae813f6fe06ce5d1d5b9049e4f172b5f684a81c1978
  category: main
  optional: false
- name: libgfortran
  version: 16.1.0
  manager: conda
  platform: osx-arm64
  dependencies:
    libgfortran5: 16.1.0
  url: https://conda.anaconda.org/conda-forge/osx-arm64/libgfortran-16.1.0-h07b0088_1.conda
  hash:
    md5: d6f10dbb9c5830f540904c91ea5b252a
    sha256: d7c6dd601dbbde495ab213a76d690b2fec19455d26c595ec0257cfde3e80166b
  category: main
  optional: false
- name: libgfortran5
  version: 16.1.0
  manager: conda
  platform: linux-64
  dependencies:
    __glibc: '>=2.17,<3.0.a0'
    libgcc: '>=16.1.0'
  url: https://conda.anaconda.org/conda-forge/linux-64/libgfortran5-16.1.0-h79bb938_1.conda
  hash:
    md5: dd51ed33e8c70995f8e33cc9dc537297
    sha256: 05078ab464d506dff971860cb1a553b35bc27c0b5ce8ec29b8bfaca5f2359652
  category: main
  optional: false
- name: libgfortran5
  version: 16.1.0
  manager: conda
  platform: osx-64
  dependencies:
    libgcc: '>=16.1.0'
  url: https://conda.anaconda.org/conda-forge/osx-64/libgfortran5-16.1.0-h70d9f54_1.conda
  hash:
    md5: dcd171b89443b4302929ea8081a32fc9
    sha256: 66404e44a45fdc6eb56116b82bda2b44a812fbea30a55be8991dfdef6046c59d
  category: main
  optional: false
- name: libgfortran5
  version: 16.1.0
  manager: conda
  platform: osx-arm64
  dependencies:
    libgcc: '>=16.1.0'
  url: https://conda.anaconda.org/conda-forge/osx-arm64/libgfortran5-16.1.0-h32cdfcc_1.conda
  hash:
    md5: c1c10ea48f95054aa9b93c2315a0a74a
    sha256: 3e8cb79a421e0c350566717febdba9079574cbbe204591b4fd4b4081ea89cb92
  category: main
  optional: false
- name: libgomp
  version: 16.1.0
  manager: conda
  platform: linux-64
  dependencies:
    __glibc: '>=2.17,<3.0.a0'
  url: https://conda.anaconda.org/conda-forge/linux-64/libgomp-16.1.0-he0feb66_1.conda
  hash:
    md5: 88f2d91cb1533194c323534253094d23
    sha256: 62cb599ad0539d99386515326d9d5e8f51f75a60c69c2131b21df76edf35bd89
  category: main
  optional: false
- name: liblapack
  version: 3.11.0
  manager: conda
  platform: linux-64
  dependencies:
    libblas: 3.11.0
  url: https://conda.anaconda.org/conda-forge/linux-64/liblapack-3.11.0-9_h47877c9_openblas.conda
  hash:
    md5: e51473c2b7e1f9cb61daafccfd912abf
    sha256: ea989e2dabd21d296a5a4ec515e695645aefcdf778ffdb5eeea515421d243ab5
  category: main
  optional: false
- name: liblapack
  version: 3.11.0
  manager: conda
  platform: osx-64
  dependencies:
    libblas: 3.11.0
  url: https://conda.anaconda.org/conda-forge/osx-64/liblapack-3.11.0-9_h859234e_openblas.conda
  hash:
    md5: 1e0ca6e718cc2bc174a8eb274594ee53
    sha256: 2423fcf10a031116dd3370b80a662032df7ce3ef1fa846202f40e4a3653ce41e
  category: main
  optional: false
- name: liblapack
  version: 3.11.0
  manager: conda
  platform: osx-arm64
  dependencies:
    libblas: 3.11.0
  url: https://conda.anaconda.org/conda-forge/osx-arm64/liblapack-3.11.0-9_hd9741b5_openblas.conda
  hash:
    md5: ecc87ca1e25bd94a08c82904eb4e6846
    sha256: db09e8e6a58415da1d866221cf518e53e84c6766a4500faae716cfa204f696ff
  category: main
  optional: false
- name: liblzma
  version: 5.8.3
  manager: conda
  platform: linux-64
  dependencies:
    __glibc: '>=2.17,<3.0.a0'
    libgcc: '>=14'
  url: https://conda.anaconda.org/conda-forge/linux-64/liblzma-5.8.3-hb03c661_1.conda
  hash:
    md5: 1390b7c5ac0b1d8e447bc5efa6d3c8c2
    sha256: 9787df8c22a59c9a70d3e5a10db9ad663485e75e9ccc3f09bd092cb7b95e0dab
  category: main
  optional: false
- name: liblzma
  version: 5.8.3
  manager: conda
  platform: osx-64
  dependencies:
    __osx: '>=11.0'
  url: https://conda.anaconda.org/conda-forge/osx-64/liblzma-5.8.3-hbb4bfdb_1.conda
  hash:
    md5: daf49067580fbfeae3ac7f9535400494
    sha256: 7915dac7c71c208e40e716e2f6d3eff41a8d5584e0e7c2d46f9bf9bd5f9aa739
  category: main
  optional: false
- name: liblzma
  version: 5.8.3
  manager: conda
  platform: osx-arm64
  dependencies:
    __osx: '>=11.0'
  url: https://conda.anaconda.org/conda-forge/osx-arm64/liblzma-5.8.3-h8088a28_1.conda
  hash:
    md5: 8ab10323068b107661a4b9a4af84f3b5
    sha256: 23d0630046a3e8b164d8f80f2b74ed2605af2e7050ab9913018056402fae4311
  category: main
  optional: false
- name: libmpdec
  version: 4.0.0
  manager: conda
  platform: linux-64
  dependencies:
    __glibc: '>=2.17,<3.0.a0'
    libgcc: '>=14'
  url: https://conda.anaconda.org/conda-forge/linux-64/libmpdec-4.0.0-hb03c661_1.conda
  hash:
    md5: 2c21e66f50753a083cbe6b80f38268fa
    sha256: fe171ed5cf5959993d43ff72de7596e8ac2853e9021dec0344e583734f1e0843
  category: main
  optional: false
- name: libmpdec
  version: 4.0.0
  manager: conda
  platform: osx-64
  dependencies:
    __osx: '>=10.13'
  url: https://conda.anaconda.org/conda-forge/osx-64/libmpdec-4.0.0-hf3981d6_1.conda
  hash:
    md5: ec88ba8a245855935b871a7324373105
    sha256: 1096c740109386607938ab9f09a7e9bca06d86770a284777586d6c378b8fb3fd
  category: main
  optional: false
- name: libmpdec
  version: 4.0.0
  manager: conda
  platform: osx-arm64
  dependencies:
    __osx: '>=11.0'
  url: https://conda.anaconda.org/conda-forge/osx-arm64/libmpdec-4.0.0-h84a0fba_1.conda
  hash:
    md5: 57c4be259f5e0b99a5983799a228ae55
    sha256: 1089c7f15d5b62c622625ec6700732ece83be8b705da8c6607f4dabb0c4bd6d2
  category: main
  optional: false
- name: libopenblas
  version: 0.3.34
  manager: conda
  platform: linux-64
  dependencies:
    __glibc: '>=2.17,<3.0.a0'
    libgcc: '>=14'
    libgfortran: ''
    libgfortran5: '>=14.3.0'
  url: https://conda.anaconda.org/conda-forge/linux-64/libopenblas-0.3.34-pthreads_h94d23a6_0.conda
  hash:
    md5: c282d68f272927612462b5d626838ef1
    sha256: 23392fc4f4e5ba230fcd1ef825878ba5ca7ee4f6259fac0cbb13299134b7bf7a
  category: main
  optional: false
- name: libopenblas
  version: 0.3.34
  manager: conda
  platform: osx-64
  dependencies:
    __osx: '>=11.0'
    libgfortran: ''
    libgfortran5: '>=14.3.0'
    llvm-openmp: '>=19.1.7'
  url: https://conda.anaconda.org/conda-forge/osx-64/libopenblas-0.3.34-openmp_h9e49c7b_0.conda
  hash:
    md5: eb636cb4b9bc89623ff2c7c4d76c52e8
    sha256: 34883347832a1776a821f188272183acdf108c4199875a44ccab583b4017920d
  category: main
  optional: false
- name: libopenblas
  version: 0.3.34
  manager: conda
  platform: osx-arm64
  dependencies:
    __osx: '>=11.0'
    libgfortran: ''
    libgfortran5: '>=14.3.0'
    llvm-openmp: '>=19.1.7'
  url: https://conda.anaconda.org/conda-forge/osx-arm64/libopenblas-0.3.34-openmp_he657e61_0.conda
  hash:
    md5: 89d28fb841cf16211318524fa985e384
    sha256: bcf1967f12f1b1cc769dcc77b255fb1b27aaceb2f185450e9596d137bc6ede76
  category: main
  optional: false
- name: libsqlite
  version: 3.53.4
  manager: conda
  platform: linux-64
  dependencies:
    __glibc: '>=2.17,<3.0.a0'
    icu: '>=78.3,<79.0a0'
    libgcc: '>=14'
    libzlib: '>=1.3.2,<2.0a0'
  url: https://conda.anaconda.org/conda-forge/linux-64/libsqlite-3.53.4-hf4e2dac_0.conda
  hash:
    md5: df088a279cd5e6fd2790b4c196434da1
    sha256: 72023efc207fe681e26b65fc9d668062cf0b4f0eacf3431e6eb099b95c1f2efd
  category: main
  optional: false
- name: libsqlite
  version: 3.53.4
  manager: conda
  platform: osx-64
  dependencies:
    __osx: '>=11.0'
    libzlib: '>=1.3.2,<2.0a0'
  url: https://conda.anaconda.org/conda-forge/osx-64/libsqlite-3.53.4-h77d7759_0.conda
  hash:
    md5: 993009426e1d3aa90eed155171bd59d8
    sha256: 5725d44a17d196adba9798a5fd9f692b7039a827cd6145556a072a80e1931c49
  category: main
  optional: false
- name: libsqlite
  version: 3.53.4
  manager: conda
  platform: osx-arm64
  dependencies:
    __osx: '>=11.0'
    icu: '>=78.3,<79.0a0'
    libzlib: '>=1.3.2,<2.0a0'
  url: https://conda.anaconda.org/conda-forge/osx-arm64/libsqlite-3.53.4-h1ae2325_0.conda
  hash:
    md5: 0e3477c0c3e718dcf2eb74ccc8f68570
    sha256: 745662565e103f290e9dc4263bbd88285082f8cf699854fe2d5f1e35a4a0d326
  category: main
  optional: false
- name: libstdcxx
  version: 16.1.0
  manager: conda
  platform: linux-64
  dependencies:
    __glibc: '>=2.17,<3.0.a0'
    libgcc: 16.1.0
  url: https://conda.anaconda.org/conda-forge/linux-64/libstdcxx-16.1.0-h934c35e_1.conda
  hash:
    md5: aed6cf89adc1e9b846e4367ac538e434
    sha256: 79721dd08aeb0ab9e773f1f9ef41cf4e6c17477e3d72319147619045bce05a09
  category: main
  optional: false
- name: libuuid
  version: 2.42.2
  manager: conda
  platform: linux-64
  dependencies:
    __glibc: '>=2.17,<3.0.a0'
    libgcc: '>=14'
  url: https://conda.anaconda.org/conda-forge/linux-64/libuuid-2.42.2-h5347b49_0.conda
  hash:
    md5: 01bb81d12c957de066ea7362007df642
    sha256: 9b1bdce27a7e31f7d241aeecff67a1f3101d52a2b1e33ccc2cdf2613072bf81f
  category: main
  optional: false
- name: libzlib
  version: 1.3.2
  manager: conda
  platform: linux-64
  dependencies:
    __glibc: '>=2.17,<3.0.a0'
  url: https://conda.anaconda.org/conda-forge/linux-64/libzlib-1.3.2-h25fd6f3_3.conda
  hash:
    md5: 0de0122d9570a8ab637c6b73db268389
    sha256: eb8a0db0aa570124f7d2a93d7c7f596e3390df5e047818d873baad32985fc736
  category: main
  optional: false
- name: libzlib
  version: 1.3.2
  manager: conda
  platform: osx-64
  dependencies:
    __osx: '>=11.0'
  url: https://conda.anaconda.org/conda-forge/osx-64/libzlib-1.3.2-hbb4bfdb_3.conda
  hash:
    md5: 7d3fa28263bb7f8ea32db11f570a5bb6
    sha256: b2dba286dd6632292b12296e761193b5ef9fb0eaeecaa481f5ba9af72c0c18e1
  category: main
  optional: false
- name: libzlib
  version: 1.3.2
  manager: conda
  platform: osx-arm64
  dependencies:
    __osx: '>=11.0'
  url: https://conda.anaconda.org/conda-forge/osx-arm64/libzlib-1.3.2-h8088a28_3.conda
  hash:
    md5: f39288f0ea63ae962e1a2e4f355a0d75
    sha256: a18fa5d5bac452401459f966cf0d872224e8080c4ff93c77e168d43ab42ef9d7
  category: main
  optional: false
- name: llvm-openmp
  version: 22.1.8
  manager: conda
  platform: osx-64
  dependencies:
    __osx: '>=11.0'
  url: https://conda.anaconda.org/conda-forge/osx-64/llvm-openmp-22.1.8-h0d3cbff_0.conda
  hash:
    md5: 9d5828c46147a47f828ca47a18407621
    sha256: 7e8dcf03c2ef5491405d6d86eb892d14e99902f50f4eeb250db0cbdc58dd5818
  category: main
  optional: false
- name: llvm-openmp
  version: 22.1.8
  manager: conda
  platform: osx-arm64
  dependencies:
    __osx: '>=11.0'
  url: https://conda.anaconda.org/conda-forge/osx-arm64/llvm-openmp-22.1.8-hc7d1edf_0.conda
  hash:
    md5: a9c118f6343fb6301b6f3b4e94c4c562
    sha256: ccbaad6bbc88f135ab849bc36af5fa6eda36a9ed18ce6f58e3dde3d11784c156
  category: main
  optional: false
- name: ncurses
  version: '6.6'
  manager: conda
  platform: linux-64
  dependencies:
    __glibc: '>=2.17,<3.0.a0'
    libgcc: '>=14'
  url: https://conda.anaconda.org/conda-forge/linux-64/ncurses-6.6-hdb14827_1.conda
  hash:
    md5: ee6c0cd80a60961a1f48aa3e0b91f986
    sha256: 5d46557214ed184381dafe835b7c94a474a1c3b307a08a250b1ea4779b44ffb3
  category: main
  optional: false
- name: ncurses
  version: '6.6'
  manager: conda
  platform: osx-64
  dependencies:
    __osx: '>=11.0'
  url: https://conda.anaconda.org/conda-forge/osx-64/ncurses-6.6-hcc0dc9a_1.conda
  hash:
    md5: 88a79390f87c8f3334b9999a892e78d4
    sha256: 12c1d676b9a0e8109b576672519312c5428308f3f3d7706f8717e2f536d5d9e7
  category: main
  optional: false
- name: ncurses
  version: '6.6'
  manager: conda
  platform: osx-arm64
  dependencies:
    __osx: '>=11.0'
  url: https://conda.anaconda.org/conda-forge/osx-arm64/ncurses-6.6-he64c551_1.conda
  hash:
    md5: 3dfa0d0316dc246cd44937a557de4501
    sha256: 7024a48c8c0d0114ed4ab53c76bf9275d50e91ba7cea367a9aead638d3c29c68
  category: main
  optional: false
- name: numpy
  version: 2.5.2
  manager: conda
  platform: linux-64
  dependencies:
    __glibc: '>=2.17,<3.0.a0'
    libblas: '>=3.9.0,<4.0a0'
    libcblas: '>=3.9.0,<4.0a0'
    libgcc: '>=14'
    liblapack: '>=3.9.0,<4.0a0'
    libstdcxx: '>=14'
    python: ''
    python_abi: 3.14.*
  url: https://conda.anaconda.org/conda-forge/linux-64/numpy-2.5.2-py314h2b28147_0.conda
  hash:
    md5: d77631addad93399a90157d2c597e7f3
    sha256: 124b753583ea9c157301fe78de3e88aa5fa8806bd2da8abaa8808065d1b93d51
  category: main
  optional: false
- name: numpy
  version: 2.5.2
  manager: conda
  platform: osx-64
  dependencies:
    __osx: '>=11.0'
    libblas: '>=3.9.0,<4.0a0'
    libcblas: '>=3.9.0,<4.0a0'
    libcxx: '>=19'
    liblapack: '>=3.9.0,<4.0a0'
    python: ''
    python_abi: 3.14.*
  url: https://conda.anaconda.org/conda-forge/osx-64/numpy-2.5.2-py314h7b24d9b_0.conda
  hash:
    md5: 4b853a743cec7419845d2d0a6ced27a5
    sha256: 30f50f14e0cde3375ea7846a48bd07ca5ccfce337e883ab51836a05329b84728
  category: main
  optional: false
- name: numpy
  version: 2.5.2
  manager: conda
  platform: osx-arm64
  dependencies:
    __osx: '>=11.0'
    libblas: '>=3.9.0,<4.0a0'
    libcblas: '>=3.9.0,<4.0a0'
    libcxx: '>=19'
    liblapack: '>=3.9.0,<4.0a0'
    python: ''
    python_abi: 3.14.*
  url: https://conda.anaconda.org/conda-forge/osx-arm64/numpy-2.5.2-py314hb79c6fa_0.conda
  hash:
    md5: d050d2d7aac4d90c0dccf2b5829e2a7a
    sha256: e70532da227635af2338676036c4a6b6acf8863e4dc9fc2cc55d68bd74e2f1f5
  category: main
  optional: false
- name: openssl
  version: 3.6.3
  manager: conda
  platform: linux-64
  dependencies:
    __glibc: '>=2.17,<3.0.a0'
    ca-certificates: ''
    libgcc: '>=14'
  url: https://conda.anaconda.org/conda-forge/linux-64/openssl-3.6.3-h35e630c_1.conda
  hash:
    md5: c5955c27917ff2234def47f075e71e02
    sha256: 012096056b97abf1f68c46b7146bd2cbd68c1be762340b4f5dad4fbbe99177bc
  category: main
  optional: false
- name: openssl
  version: 3.6.3
  manager: conda
  platform: osx-64
  dependencies:
    __osx: '>=11.0'
    ca-certificates: ''
  url: https://conda.anaconda.org/conda-forge/osx-64/openssl-3.6.3-hc881268_1.conda
  hash:
    md5: da403ed66c373b5fb25266b4be662327
    sha256: d43abd09a455847108fc821e81cf4e36dba31755263a1313b6f1b538ac218998
  category: main
  optional: false
- name: openssl
  version: 3.6.3
  manager: conda
  platform: osx-arm64
  dependencies:
    __osx: '>=11.0'
    ca-certificates: ''
  url: https://conda.anaconda.org/conda-forge/osx-arm64/openssl-3.6.3-hd24854e_1.conda
  hash:
    md5: 65d1906712b85d1679263c518d011b5b
    sha256: 66be2283b5b37dcda1332b5e74c1782a8cb14fd2e62e0d38017c2d35bf73c119
  category: main
  optional: false
- name: python
  version: 3.14.6
  manager: conda
  platform: linux-64
  dependencies:
    __glibc: '>=2.17,<3.0.a0'
    bzip2: '>=1.0.8,<2.0a0'
    ld_impl_linux-64: '>=2.36.1'
    libexpat: '>=2.8.1,<3.0a0'
    libffi: '>=3.7.0,<3.8.0a0'
    libgcc: '>=14'
    liblzma: '>=5.8.3,<6.0a0'
    libmpdec: '>=4.0.0,<5.0a0'
    libsqlite: '>=3.53.4,<4.0a0'
    libuuid: '>=2.42.2,<3.0a0'
    libzlib: '>=1.3.2,<2.0a0'
    ncurses: '>=6.6,<7.0a0'
    openssl: '>=3.5.7,<4.0a0'
    python_abi: 3.14.*
    readline: '>=8.3,<9.0a0'
    tk: '>=8.6.13,<8.7.0a0'
    tzdata: ''
    zstd: '>=1.5.7,<1.6.0a0'
  url: https://conda.anaconda.org/conda-forge/linux-64/python-3.14.6-h242f9ac_102_cp314.conda
  hash:
    md5: 9b6c336ef7195fbee1c10c09bfcf901b
    sha256: f5ff5c1fac471dfed4fc4288856a63eb9d771e6042d9f70420d75b9f488400d8
  category: main
  optional: false
- name: python
  version: 3.14.6
  manager: conda
  platform: osx-64
  dependencies:
    __osx: '>=11.0'
    bzip2: '>=1.0.8,<2.0a0'
    libexpat: '>=2.8.1,<3.0a0'
    libffi: '>=3.7.0,<3.8.0a0'
    liblzma: '>=5.8.3,<6.0a0'
    libmpdec: '>=4.0.0,<5.0a0'
    libsqlite: '>=3.53.4,<4.0a0'
    libzlib: '>=1.3.2,<2.0a0'
    ncurses: '>=6.6,<7.0a0'
    openssl: '>=3.5.7,<4.0a0'
    python_abi: 3.14.*
    readline: '>=8.3,<9.0a0'
    tk: '>=8.6.13,<8.7.0a0'
    tzdata: ''
    zstd: '>=1.5.7,<1.6.0a0'
  url: https://conda.anaconda.org/conda-forge/osx-64/python-3.14.6-hb933c43_102_cp314.conda
  hash:
    md5: 8c2a3f8e3e9aaca5d8336deca3ba483b
    sha256: 19e3a84df66b88348387113e2ffa5c5a5d244e15064dc02f805add29815934e2
  category: main
  optional: false
- name: python
  version: 3.14.6
  manager: conda
  platform: osx-arm64
  dependencies:
    __osx: '>=11.0'
    bzip2: '>=1.0.8,<2.0a0'
    libexpat: '>=2.8.1,<3.0a0'
    libffi: '>=3.7.0,<3.8.0a0'
    liblzma: '>=5.8.3,<6.0a0'
    libmpdec: '>=4.0.0,<5.0a0'
    libsqlite: '>=3.53.4,<4.0a0'
    libzlib: '>=1.3.2,<2.0a0'
    ncurses: '>=6.6,<7.0a0'
    openssl: '>=3.5.7,<4.0a0'
    python_abi: 3.14.*
    readline: '>=8.3,<9.0a0'
    tk: '>=8.6.13,<8.7.0a0'
    tzdata: ''
    zstd: '>=1.5.7,<1.6.0a0'
  url: https://conda.anaconda.org/conda-forge/osx-arm64/python-3.14.6-hf4d206d_102_cp314.conda
  hash:
    md5: 8da4ea285021110e2617f7538c386afc
    sha256: 9767b5eee5cef50716708787bb3b4225d2a974bcd50653e856f9db5910a4b17e
  category: main
  optional: false
- name: python_abi
  version: '3.14'
  manager: conda
  platform: linux-64
  dependencies: {}
  url: https://conda.anaconda.org/conda-forge/noarch/python_abi-3.14-8_cp314.conda
  hash:
    md5: 0539938c55b6b1a59b560e843ad864a4
    sha256: ad6d2e9ac39751cc0529dd1566a26751a0bf2542adb0c232533d32e176e21db5
  category: main
  optional: false
- name: python_abi
  version: '3.14'
  manager: conda
  platform: osx-64
  dependencies: {}
  url: https://conda.anaconda.org/conda-forge/noarch/python_abi-3.14-8_cp314.conda
  hash:
    md5: 0539938c55b6b1a59b560e843ad864a4
    sha256: ad6d2e9ac39751cc0529dd1566a26751a0bf2542adb0c232533d32e176e21db5
  category: main
  optional: false
- name: python_abi
  version: '3.14'
  manager: conda
  platform: osx-arm64
  dependencies: {}
  url: https://conda.anaconda.org/conda-forge/noarch/python_abi-3.14-8_cp314.conda
  hash:
    md5: 0539938c55b6b1a59b560e843ad864a4
    sha256: ad6d2e9ac39751cc0529dd1566a26751a0bf2542adb0c232533d32e176e21db5
  category: main
  optional: false
- name: readline
  version: '8.3'
  manager: conda
  platform: linux-64
  dependencies:
    __glibc: '>=2.17,<3.0.a0'
    libgcc: '>=14'
    ncurses: '>=6.5,<7.0a0'
  url: https://conda.anaconda.org/conda-forge/linux-64/readline-8.3-h853b02a_0.conda
  hash:
    md5: d7d95fc8287ea7bf33e0e7116d2b95ec
    sha256: 12ffde5a6f958e285aa22c191ca01bbd3d6e710aa852e00618fa6ddc59149002
  category: main
  optional: false
- name: readline
  version: '8.3'
  manager: conda
  platform: osx-64
  dependencies:
    __osx: '>=10.13'
    ncurses: '>=6.5,<7.0a0'
  url: https://conda.anaconda.org/conda-forge/osx-64/readline-8.3-h68b038d_0.conda
  hash:
    md5: eefd65452dfe7cce476a519bece46704
    sha256: 4614af680aa0920e82b953fece85a03007e0719c3399f13d7de64176874b80d5
  category: main
  optional: false
- name: readline
  version: '8.3'
  manager: conda
  platform: osx-arm64
  dependencies:
    __osx: '>=11.0'
    ncurses: '>=6.5,<7.0a0'
  url: https://conda.anaconda.org/conda-forge/osx-arm64/readline-8.3-h46df422_0.conda
  hash:
    md5: f8381319127120ce51e081dce4865cf4
    sha256: a77010528efb4b548ac2a4484eaf7e1c3907f2aec86123ed9c5212ae44502477
  category: main
  optional: false
- name: tk
  version: 8.6.13
  manager: conda
  platform: linux-64
  dependencies:
    __glibc: '>=2.17,<3.0.a0'
    libgcc: '>=14'
    libzlib: '>=1.3.2,<2.0a0'
  url: https://conda.anaconda.org/conda-forge/linux-64/tk-8.6.13-noxft_hd70dff1_3.conda
  hash:
    md5: 48a1049e710857572fc2a832aa394d9f
    sha256: 43624eab22f5f29df7d6ffe914cf442f28fd559b55b290906255492826e636e8
  category: main
  optional: false
- name: tk
  version: 8.6.13
  manager: conda
  platform: osx-64
  dependencies:
    __osx: '>=11.0'
    libzlib: '>=1.3.2,<2.0a0'
  url: https://conda.anaconda.org/conda-forge/osx-64/tk-8.6.13-hb794df6_3.conda
  hash:
    md5: bc699b366e49399bf8e5c6de99bb8cfb
    sha256: 670a364b8285887e5738880bb026f721af2662cfefe9ef64aa9e93eff1981535
  category: main
  optional: false
- name: tk
  version: 8.6.13
  manager: conda
  platform: osx-arm64
  dependencies:
    __osx: '>=11.0'
    libzlib: '>=1.3.2,<2.0a0'
  url: https://conda.anaconda.org/conda-forge/osx-arm64/tk-8.6.13-hd3d0363_3.conda
  hash:
    md5: 8e3cf0e455e6b54519f0b1c72c61780a
    sha256: 47186bc7ab8d7e8bee86bbd1a917196f8c21cf63f081fc33cd6d1221af087580
  category: main
  optional: false
- name: tzdata
  version: 2026c
  manager: conda
  platform: linux-64
  dependencies: {}
  url: https://conda.anaconda.org/conda-forge/noarch/tzdata-2026c-h151e31d_0.conda
  hash:
    md5: fcb489df604d100968b737f2cb6076c6
    sha256: b928c30ddcb0e3f544c6eade8352737e6e610e263276b90232db6a578ef899d8
  category: main
  optional: false
- name: tzdata
  version: 2026c
  manager: conda
  platform: osx-64
  dependencies: {}
  url: https://conda.anaconda.org/conda-forge/noarch/tzdata-2026c-h151e31d_0.conda
  hash:
    md5: fcb489df604d100968b737f2cb6076c6
    sha256: b928c30ddcb0e3f544c6eade8352737e6e610e263276b90232db6a578ef899d8
  category: main
  optional: false
- name: tzdata
  version: 2026c
  manager: conda
  platform: osx-arm64
  dependencies: {}
  url: https://conda.anaconda.org/conda-forge/noarch/tzdata-2026c-h151e31d_0.conda
  hash:
    md5: fcb489df604d100968b737f2cb6076c6
    sha256: b928c30ddcb0e3f544c6eade8352737e6e610e263276b90232db6a578ef899d8
  category: main
  optional: false
- name: zstd
  version: 1.5.7
  manager: conda
  platform: linux-64
  dependencies:
    __glibc: '>=2.17,<3.0.a0'
    libzlib: '>=1.3.1,<2.0a0'
  url: https://conda.anaconda.org/conda-forge/linux-64/zstd-1.5.7-hb78ec9c_6.conda
  hash:
    md5: 4a13eeac0b5c8e5b8ab496e6c4ddd829
    sha256: 68f0206ca6e98fea941e5717cec780ed2873ffabc0e1ed34428c061e2c6268c7
  category: main
  optional: false
- name: zstd
  version: 1.5.7
  manager: conda
  platform: osx-64
  dependencies:
    __osx: '>=10.13'
    libzlib: '>=1.3.1,<2.0a0'
  url: https://conda.anaconda.org/conda-forge/osx-64/zstd-1.5.7-h3eecb57_6.conda
  hash:
    md5: 727109b184d680772e3122f40136d5ca
    sha256: 47101a4055a70a4876ffc87b750ab2287b67eca793f21c8224be5e1ee6394d3f
  category: main
  optional: false
- name: zstd
  version: 1.5.7
  manager: conda
  platform: osx-arm64
  dependencies:
    __osx: '>=11.0'
    libzlib: '>=1.3.1,<2.0a0'
  url: https://conda.anaconda.org/conda-forge/osx-arm64/zstd-1.5.7-hbf9d68e_6.conda
  hash:
    md5: ab136e4c34e97f34fb621d2592a393d8
    sha256: 9485ba49e8f47d2b597dd399e88f4802e100851b27c21d7525625b0b4025a5d9
  category: main
  optional: false
