name: relock

on:
  workflow_dispatch:
  issue_comment:

jobs:
  test:
    runs-on: ubuntu-latest
    name: test
    steps:
      - name: checkout
        uses: actions/checkout@11bd71901bbe5b1630ceea73d27597364c9af683

      - name: run
        uses: conda-incubator/relock-conda@main
        with:
          github-token: ${{ secrets.GITHUB_TOKEN }}
          git-user-name: '3221bfbc-1956-2e36-221a-7b7d26fb8e56'

