name: relock

on:
  workflow_dispatch:
  issue_comment:

jobs:
  test:
    runs-on: ubuntu-latest
    name: test
    steps:
      - name: checkout
        uses: actions/checkout@3d3c42e5aac5ba805825da76410c181273ba90b1

      - name: run
        uses: conda-incubator/relock-conda@pull/470/head
        with:
          github-token: ${{ secrets.GITHUB_TOKEN }}
          git-user-name: 'f60ede0e-2d41-7a5d-e967-a01df598d453'

